// !$*UTF8*$!
{
	archiveVersion = 1;
	classes = {
	};
	objectVersion = 55;
	objects = {

/* Begin PBXBuildFile section */
		C974040D268C1CA60056B62B /* AppDelegate.swift in Sources */ = {isa = PBXBuildFile; fileRef = C974040C268C1CA60056B62B /* AppDelegate.swift */; };
		C974040F268C1CA60056B62B /* SceneDelegate.swift in Sources */ = {isa = PBXBuildFile; fileRef = C974040E268C1CA60056B62B /* SceneDelegate.swift */; };
		C9740412268C1CA60056B62B /* LaunchScreen.storyboard in Resources */ = {isa = PBXBuildFile; fileRef = C9740410268C1CA60056B62B /* LaunchScreen.storyboard */; };
		C9740415268C1CA60056B62B /* Main.storyboard in Resources */ = {isa = PBXBuildFile; fileRef = C9740413268C1CA60056B62B /* Main.storyboard */; };
		C974041E268C1CA60056B62B /* AppDelegate.swift in Sources */ = {isa = PBXBuildFile; fileRef = C974041D268C1CA60056B62B /* AppDelegate.swift */; };
		C9740421268C1CA60056B62B /* Main.storyboard in Resources */ = {isa = PBXBuildFile; fileRef = C974041F268C1CA60056B62B /* Main.storyboard */; };
		C9740428268C1CA60056B62B /* Deadname Remover Extension.appex in Embed App Extensions */ = {isa = PBXBuildFile; fileRef = C9740427268C1CA60056B62B /* Deadname Remover Extension.appex */; settings = {ATTRIBUTES = (RemoveHeadersOnCopy, ); }; };
		C9740432268C1CA60056B62B /* Deadname Remover Extension.appex in Embed App Extensions */ = {isa = PBXBuildFile; fileRef = C9740431268C1CA60056B62B /* Deadname Remover Extension.appex */; settings = {ATTRIBUTES = (RemoveHeadersOnCopy, ); }; };
		C9740437268C1CA60056B62B /* Main.html in Resources */ = {isa = PBXBuildFile; fileRef = C97403F3268C1CA50056B62B /* Main.html */; };
		C9740438268C1CA60056B62B /* Main.html in Resources */ = {isa = PBXBuildFile; fileRef = C97403F3268C1CA50056B62B /* Main.html */; };
		C9740439268C1CA60056B62B /* Icon.png in Resources */ = {isa = PBXBuildFile; fileRef = C97403F5268C1CA50056B62B /* Icon.png */; };
		C974043A268C1CA60056B62B /* Icon.png in Resources */ = {isa = PBXBuildFile; fileRef = C97403F5268C1CA50056B62B /* Icon.png */; };
		C974043B268C1CA60056B62B /* Style.css in Resources */ = {isa = PBXBuildFile; fileRef = C97403F6268C1CA50056B62B /* Style.css */; };
		C974043C268C1CA60056B62B /* Style.css in Resources */ = {isa = PBXBuildFile; fileRef = C97403F6268C1CA50056B62B /* Style.css */; };
		C974043D268C1CA60056B62B /* Script.js in Resources */ = {isa = PBXBuildFile; fileRef = C97403F7268C1CA50056B62B /* Script.js */; };
		C974043E268C1CA60056B62B /* Script.js in Resources */ = {isa = PBXBuildFile; fileRef = C97403F7268C1CA50056B62B /* Script.js */; };
		C974043F268C1CA60056B62B /* ViewController.swift in Sources */ = {isa = PBXBuildFile; fileRef = C97403F8268C1CA50056B62B /* ViewController.swift */; };
		C9740440268C1CA60056B62B /* ViewController.swift in Sources */ = {isa = PBXBuildFile; fileRef = C97403F8268C1CA50056B62B /* ViewController.swift */; };
		C9740441268C1CA60056B62B /* Assets.xcassets in Resources */ = {isa = PBXBuildFile; fileRef = C97403F9268C1CA50056B62B /* Assets.xcassets */; };
		C9740442268C1CA60056B62B /* Assets.xcassets in Resources */ = {isa = PBXBuildFile; fileRef = C97403F9268C1CA50056B62B /* Assets.xcassets */; };
		C9740443268C1CA60056B62B /* SafariWebExtensionHandler.swift in Sources */ = {isa = PBXBuildFile; fileRef = C97403FB268C1CA50056B62B /* SafariWebExtensionHandler.swift */; };
		C9740444268C1CA60056B62B /* SafariWebExtensionHandler.swift in Sources */ = {isa = PBXBuildFile; fileRef = C97403FB268C1CA50056B62B /* SafariWebExtensionHandler.swift */; };
		C9740445268C1CA60056B62B /* _locales in Resources */ = {isa = PBXBuildFile; fileRef = C97403FD268C1CA50056B62B /* _locales */; };
		C9740446268C1CA60056B62B /* _locales in Resources */ = {isa = PBXBuildFile; fileRef = C97403FD268C1CA50056B62B /* _locales */; };
		C9740447268C1CA60056B62B /* images in Resources */ = {isa = PBXBuildFile; fileRef = C97403FE268C1CA50056B62B /* images */; };
		C9740448268C1CA60056B62B /* images in Resources */ = {isa = PBXBuildFile; fileRef = C97403FE268C1CA50056B62B /* images */; };
		C9740449268C1CA60056B62B /* manifest.json in Resources */ = {isa = PBXBuildFile; fileRef = C97403FF268C1CA50056B62B /* manifest.json */; };
		C974044A268C1CA60056B62B /* manifest.json in Resources */ = {isa = PBXBuildFile; fileRef = C97403FF268C1CA50056B62B /* manifest.json */; };
		C974044B268C1CA60056B62B /* background.js in Resources */ = {isa = PBXBuildFile; fileRef = C9740400268C1CA50056B62B /* background.js */; };
		C974044C268C1CA60056B62B /* background.js in Resources */ = {isa = PBXBuildFile; fileRef = C9740400268C1CA50056B62B /* background.js */; };
		C974044D268C1CA60056B62B /* content.js in Resources */ = {isa = PBXBuildFile; fileRef = C9740401268C1CA60056B62B /* content.js */; };
		C974044E268C1CA60056B62B /* content.js in Resources */ = {isa = PBXBuildFile; fileRef = C9740401268C1CA60056B62B /* content.js */; };
		C974044F268C1CA60056B62B /* popup.html in Resources */ = {isa = PBXBuildFile; fileRef = C9740402268C1CA60056B62B /* popup.html */; };
		C9740450268C1CA60056B62B /* popup.html in Resources */ = {isa = PBXBuildFile; fileRef = C9740402268C1CA60056B62B /* popup.html */; };
		C9740451268C1CA60056B62B /* popup.css in Resources */ = {isa = PBXBuildFile; fileRef = C9740403268C1CA60056B62B /* popup.css */; };
		C9740452268C1CA60056B62B /* popup.css in Resources */ = {isa = PBXBuildFile; fileRef = C9740403268C1CA60056B62B /* popup.css */; };
		C9740453268C1CA60056B62B /* popup.js in Resources */ = {isa = PBXBuildFile; fileRef = C9740404268C1CA60056B62B /* popup.js */; };
		C9740454268C1CA60056B62B /* popup.js in Resources */ = {isa = PBXBuildFile; fileRef = C9740404268C1CA60056B62B /* popup.js */; };
		C974046D268C1D7A0056B62B /* Configuration.swift in Sources */ = {isa = PBXBuildFile; fileRef = C9740466268C1D7A0056B62B /* Configuration.swift */; };
		C974046E268C1D7A0056B62B /* Configuration.swift in Sources */ = {isa = PBXBuildFile; fileRef = C9740466268C1D7A0056B62B /* Configuration.swift */; };
		C9740471268C1D7A0056B62B /* NamesDatabase.swift in Sources */ = {isa = PBXBuildFile; fileRef = C9740467268C1D7A0056B62B /* NamesDatabase.swift */; };
		C9740472268C1D7A0056B62B /* NamesDatabase.swift in Sources */ = {isa = PBXBuildFile; fileRef = C9740467268C1D7A0056B62B /* NamesDatabase.swift */; };
		C9740473268C1D7A0056B62B /* NamesDatabase.swift in Sources */ = {isa = PBXBuildFile; fileRef = C9740467268C1D7A0056B62B /* NamesDatabase.swift */; };
		C9740474268C1D7A0056B62B /* NamesDatabase.swift in Sources */ = {isa = PBXBuildFile; fileRef = C9740467268C1D7A0056B62B /* NamesDatabase.swift */; };
		C9740475268C1D7A0056B62B /* Name.swift in Sources */ = {isa = PBXBuildFile; fileRef = C9740468268C1D7A0056B62B /* Name.swift */; };
		C9740476268C1D7A0056B62B /* Name.swift in Sources */ = {isa = PBXBuildFile; fileRef = C9740468268C1D7A0056B62B /* Name.swift */; };
		C9740477268C1D7A0056B62B /* Name.swift in Sources */ = {isa = PBXBuildFile; fileRef = C9740468268C1D7A0056B62B /* Name.swift */; };
		C9740478268C1D7A0056B62B /* Name.swift in Sources */ = {isa = PBXBuildFile; fileRef = C9740468268C1D7A0056B62B /* Name.swift */; };
		C974047C268C271C0056B62B /* ToolbarDelegate.swift in Sources */ = {isa = PBXBuildFile; fileRef = C974047B268C271C0056B62B /* ToolbarDelegate.swift */; };
/* End PBXBuildFile section */

/* Begin PBXContainerItemProxy section */
		C9740429268C1CA60056B62B /* PBXContainerItemProxy */ = {
			isa = PBXContainerItemProxy;
			containerPortal = C97403ED268C1CA50056B62B /* Project object */;
			proxyType = 1;
			remoteGlobalIDString = C9740426268C1CA60056B62B;
			remoteInfo = "Deadname Remover Extension (iOS)";
		};
		C9740433268C1CA60056B62B /* PBXContainerItemProxy */ = {
			isa = PBXContainerItemProxy;
			containerPortal = C97403ED268C1CA50056B62B /* Project object */;
			proxyType = 1;
			remoteGlobalIDString = C9740430268C1CA60056B62B;
			remoteInfo = "Deadname Remover Extension (macOS)";
		};
/* End PBXContainerItemProxy section */

/* Begin PBXCopyFilesBuildPhase section */
		C974045A268C1CA60056B62B /* Embed App Extensions */ = {
			isa = PBXCopyFilesBuildPhase;
			buildActionMask = 2147483647;
			dstPath = "";
			dstSubfolderSpec = 13;
			files = (
				C9740428268C1CA60056B62B /* Deadname Remover Extension.appex in Embed App Extensions */,
			);
			name = "Embed App Extensions";
			runOnlyForDeploymentPostprocessing = 0;
		};
		C9740461268C1CA60056B62B /* Embed App Extensions */ = {
			isa = PBXCopyFilesBuildPhase;
			buildActionMask = 2147483647;
			dstPath = "";
			dstSubfolderSpec = 13;
			files = (
				C9740432268C1CA60056B62B /* Deadname Remover Extension.appex in Embed App Extensions */,
			);
			name = "Embed App Extensions";
			runOnlyForDeploymentPostprocessing = 0;
		};
/* End PBXCopyFilesBuildPhase section */

/* Begin PBXFileReference section */
		C97403F4268C1CA50056B62B /* Base */ = {isa = PBXFileReference; lastKnownFileType = text.html; name = Base; path = ../Base.lproj/Main.html; sourceTree = "<group>"; };
		C97403F5268C1CA50056B62B /* Icon.png */ = {isa = PBXFileReference; lastKnownFileType = image.png; path = Icon.png; sourceTree = "<group>"; };
		C97403F6268C1CA50056B62B /* Style.css */ = {isa = PBXFileReference; lastKnownFileType = text.css; path = Style.css; sourceTree = "<group>"; };
		C97403F7268C1CA50056B62B /* Script.js */ = {isa = PBXFileReference; lastKnownFileType = sourcecode.javascript; path = Script.js; sourceTree = "<group>"; };
		C97403F8268C1CA50056B62B /* ViewController.swift */ = {isa = PBXFileReference; lastKnownFileType = sourcecode.swift; path = ViewController.swift; sourceTree = "<group>"; };
		C97403F9268C1CA50056B62B /* Assets.xcassets */ = {isa = PBXFileReference; lastKnownFileType = folder.assetcatalog; path = Assets.xcassets; sourceTree = "<group>"; };
		C97403FB268C1CA50056B62B /* SafariWebExtensionHandler.swift */ = {isa = PBXFileReference; lastKnownFileType = sourcecode.swift; path = SafariWebExtensionHandler.swift; sourceTree = "<group>"; };
		C97403FD268C1CA50056B62B /* _locales */ = {isa = PBXFileReference; lastKnownFileType = folder; path = _locales; sourceTree = "<group>"; };
		C97403FE268C1CA50056B62B /* images */ = {isa = PBXFileReference; lastKnownFileType = folder; path = images; sourceTree = "<group>"; };
		C97403FF268C1CA50056B62B /* manifest.json */ = {isa = PBXFileReference; lastKnownFileType = text.json; path = manifest.json; sourceTree = "<group>"; };
		C9740400268C1CA50056B62B /* background.js */ = {isa = PBXFileReference; lastKnownFileType = sourcecode.javascript; path = background.js; sourceTree = "<group>"; };
		C9740401268C1CA60056B62B /* content.js */ = {isa = PBXFileReference; lastKnownFileType = sourcecode.javascript; path = content.js; sourceTree = "<group>"; };
		C9740402268C1CA60056B62B /* popup.html */ = {isa = PBXFileReference; lastKnownFileType = text.html; path = popup.html; sourceTree = "<group>"; };
		C9740403268C1CA60056B62B /* popup.css */ = {isa = PBXFileReference; lastKnownFileType = text.css; path = popup.css; sourceTree = "<group>"; };
		C9740404268C1CA60056B62B /* popup.js */ = {isa = PBXFileReference; lastKnownFileType = sourcecode.javascript; path = popup.js; sourceTree = "<group>"; };
		C9740409268C1CA60056B62B /* Deadname Remover.app */ = {isa = PBXFileReference; explicitFileType = wrapper.application; includeInIndex = 0; path = "Deadname Remover.app"; sourceTree = BUILT_PRODUCTS_DIR; };
		C974040C268C1CA60056B62B /* AppDelegate.swift */ = {isa = PBXFileReference; lastKnownFileType = sourcecode.swift; path = AppDelegate.swift; sourceTree = "<group>"; };
		C974040E268C1CA60056B62B /* SceneDelegate.swift */ = {isa = PBXFileReference; lastKnownFileType = sourcecode.swift; path = SceneDelegate.swift; sourceTree = "<group>"; };
		C9740411268C1CA60056B62B /* Base */ = {isa = PBXFileReference; lastKnownFileType = file.storyboard; name = Base; path = Base.lproj/LaunchScreen.storyboard; sourceTree = "<group>"; };
		C9740414268C1CA60056B62B /* Base */ = {isa = PBXFileReference; lastKnownFileType = file.storyboard; name = Base; path = Base.lproj/Main.storyboard; sourceTree = "<group>"; };
		C9740416268C1CA60056B62B /* Info.plist */ = {isa = PBXFileReference; lastKnownFileType = text.plist.xml; path = Info.plist; sourceTree = "<group>"; };
		C974041B268C1CA60056B62B /* Deadname Remover.app */ = {isa = PBXFileReference; explicitFileType = wrapper.application; includeInIndex = 0; path = "Deadname Remover.app"; sourceTree = BUILT_PRODUCTS_DIR; };
		C974041D268C1CA60056B62B /* AppDelegate.swift */ = {isa = PBXFileReference; lastKnownFileType = sourcecode.swift; path = AppDelegate.swift; sourceTree = "<group>"; };
		C9740420268C1CA60056B62B /* Base */ = {isa = PBXFileReference; lastKnownFileType = file.storyboard; name = Base; path = Base.lproj/Main.storyboard; sourceTree = "<group>"; };
		C9740422268C1CA60056B62B /* Deadname Remover.entitlements */ = {isa = PBXFileReference; lastKnownFileType = text.plist.entitlements; path = "Deadname Remover.entitlements"; sourceTree = "<group>"; };
		C9740427268C1CA60056B62B /* Deadname Remover Extension.appex */ = {isa = PBXFileReference; explicitFileType = "wrapper.app-extension"; includeInIndex = 0; path = "Deadname Remover Extension.appex"; sourceTree = BUILT_PRODUCTS_DIR; };
		C974042C268C1CA60056B62B /* Info.plist */ = {isa = PBXFileReference; lastKnownFileType = text.plist.xml; path = Info.plist; sourceTree = "<group>"; };
		C9740431268C1CA60056B62B /* Deadname Remover Extension.appex */ = {isa = PBXFileReference; explicitFileType = "wrapper.app-extension"; includeInIndex = 0; path = "Deadname Remover Extension.appex"; sourceTree = BUILT_PRODUCTS_DIR; };
		C9740436268C1CA60056B62B /* Info.plist */ = {isa = PBXFileReference; lastKnownFileType = text.plist.xml; path = Info.plist; sourceTree = "<group>"; };
		C9740466268C1D7A0056B62B /* Configuration.swift */ = {isa = PBXFileReference; fileEncoding = 4; lastKnownFileType = sourcecode.swift; path = Configuration.swift; sourceTree = "<group>"; };
		C9740467268C1D7A0056B62B /* NamesDatabase.swift */ = {isa = PBXFileReference; fileEncoding = 4; lastKnownFileType = sourcecode.swift; path = NamesDatabase.swift; sourceTree = "<group>"; };
		C9740468268C1D7A0056B62B /* Name.swift */ = {isa = PBXFileReference; fileEncoding = 4; lastKnownFileType = sourcecode.swift; path = Name.swift; sourceTree = "<group>"; };
		C9740479268C1DA00056B62B /* Deadname Remover.entitlements */ = {isa = PBXFileReference; lastKnownFileType = text.plist.entitlements; path = "Deadname Remover.entitlements"; sourceTree = "<group>"; };
		C974047A268C1DD00056B62B /* Deadname Remover Extension.entitlements */ = {isa = PBXFileReference; lastKnownFileType = text.plist.entitlements; path = "Deadname Remover Extension.entitlements"; sourceTree = "<group>"; };
		C974047B268C271C0056B62B /* ToolbarDelegate.swift */ = {isa = PBXFileReference; lastKnownFileType = sourcecode.swift; path = ToolbarDelegate.swift; sourceTree = "<group>"; };
/* End PBXFileReference section */

/* Begin PBXFrameworksBuildPhase section */
		C9740406268C1CA60056B62B /* Frameworks */ = {
			isa = PBXFrameworksBuildPhase;
			buildActionMask = 2147483647;
			files = (
			);
			runOnlyForDeploymentPostprocessing = 0;
		};
		C9740418268C1CA60056B62B /* Frameworks */ = {
			isa = PBXFrameworksBuildPhase;
			buildActionMask = 2147483647;
			files = (
			);
			runOnlyForDeploymentPostprocessing = 0;
		};
		C9740424268C1CA60056B62B /* Frameworks */ = {
			isa = PBXFrameworksBuildPhase;
			buildActionMask = 2147483647;
			files = (
			);
			runOnlyForDeploymentPostprocessing = 0;
		};
		C974042E268C1CA60056B62B /* Frameworks */ = {
			isa = PBXFrameworksBuildPhase;
			buildActionMask = 2147483647;
			files = (
			);
			runOnlyForDeploymentPostprocessing = 0;
		};
/* End PBXFrameworksBuildPhase section */

/* Begin PBXGroup section */
		C97403EC268C1CA50056B62B = {
			isa = PBXGroup;
			children = (
				C974047A268C1DD00056B62B /* Deadname Remover Extension.entitlements */,
				C9740479268C1DA00056B62B /* Deadname Remover.entitlements */,
				C97403F1268C1CA50056B62B /* Shared (App) */,
				C97403FA268C1CA50056B62B /* Shared (Extension) */,
				C974040B268C1CA60056B62B /* iOS (App) */,
				C974041C268C1CA60056B62B /* macOS (App) */,
				C974042B268C1CA60056B62B /* iOS (Extension) */,
				C9740435268C1CA60056B62B /* macOS (Extension) */,
				C974040A268C1CA60056B62B /* Products */,
			);
			sourceTree = "<group>";
		};
		C97403F1268C1CA50056B62B /* Shared (App) */ = {
			isa = PBXGroup;
			children = (
				C9740466268C1D7A0056B62B /* Configuration.swift */,
				C9740468268C1D7A0056B62B /* Name.swift */,
				C9740467268C1D7A0056B62B /* NamesDatabase.swift */,
				C97403F8268C1CA50056B62B /* ViewController.swift */,
				C97403F9268C1CA50056B62B /* Assets.xcassets */,
				C97403F2268C1CA50056B62B /* Resources */,
			);
			path = "Shared (App)";
			sourceTree = "<group>";
		};
		C97403F2268C1CA50056B62B /* Resources */ = {
			isa = PBXGroup;
			children = (
				C97403F3268C1CA50056B62B /* Main.html */,
				C97403F5268C1CA50056B62B /* Icon.png */,
				C97403F6268C1CA50056B62B /* Style.css */,
				C97403F7268C1CA50056B62B /* Script.js */,
			);
			path = Resources;
			sourceTree = "<group>";
		};
		C97403FA268C1CA50056B62B /* Shared (Extension) */ = {
			isa = PBXGroup;
			children = (
				C97403FB268C1CA50056B62B /* SafariWebExtensionHandler.swift */,
				C97403FC268C1CA50056B62B /* Resources */,
			);
			path = "Shared (Extension)";
			sourceTree = "<group>";
		};
		C97403FC268C1CA50056B62B /* Resources */ = {
			isa = PBXGroup;
			children = (
				C97403FD268C1CA50056B62B /* _locales */,
				C97403FE268C1CA50056B62B /* images */,
				C97403FF268C1CA50056B62B /* manifest.json */,
				C9740400268C1CA50056B62B /* background.js */,
				C9740401268C1CA60056B62B /* content.js */,
				C9740402268C1CA60056B62B /* popup.html */,
				C9740403268C1CA60056B62B /* popup.css */,
				C9740404268C1CA60056B62B /* popup.js */,
			);
			path = Resources;
			sourceTree = "<group>";
		};
		C974040A268C1CA60056B62B /* Products */ = {
			isa = PBXGroup;
			children = (
				C9740409268C1CA60056B62B /* Deadname Remover.app */,
				C974041B268C1CA60056B62B /* Deadname Remover.app */,
				C9740427268C1CA60056B62B /* Deadname Remover Extension.appex */,
				C9740431268C1CA60056B62B /* Deadname Remover Extension.appex */,
			);
			name = Products;
			sourceTree = "<group>";
		};
		C974040B268C1CA60056B62B /* iOS (App) */ = {
			isa = PBXGroup;
			children = (
				C974040C268C1CA60056B62B /* AppDelegate.swift */,
				C974040E268C1CA60056B62B /* SceneDelegate.swift */,
				C9740410268C1CA60056B62B /* LaunchScreen.storyboard */,
				C9740413268C1CA60056B62B /* Main.storyboard */,
				C9740416268C1CA60056B62B /* Info.plist */,
			);
			path = "iOS (App)";
			sourceTree = "<group>";
		};
		C974041C268C1CA60056B62B /* macOS (App) */ = {
			isa = PBXGroup;
			children = (
				C974041D268C1CA60056B62B /* AppDelegate.swift */,
				C974047B268C271C0056B62B /* ToolbarDelegate.swift */,
				C974041F268C1CA60056B62B /* Main.storyboard */,
				C9740422268C1CA60056B62B /* Deadname Remover.entitlements */,
			);
			path = "macOS (App)";
			sourceTree = "<group>";
		};
		C974042B268C1CA60056B62B /* iOS (Extension) */ = {
			isa = PBXGroup;
			children = (
				C974042C268C1CA60056B62B /* Info.plist */,
			);
			path = "iOS (Extension)";
			sourceTree = "<group>";
		};
		C9740435268C1CA60056B62B /* macOS (Extension) */ = {
			isa = PBXGroup;
			children = (
				C9740436268C1CA60056B62B /* Info.plist */,
			);
			path = "macOS (Extension)";
			sourceTree = "<group>";
		};
/* End PBXGroup section */

/* Begin PBXNativeTarget section */
		C9740408268C1CA60056B62B /* Deadname Remover (iOS) */ = {
			isa = PBXNativeTarget;
			buildConfigurationList = C974045B268C1CA60056B62B /* Build configuration list for PBXNativeTarget "Deadname Remover (iOS)" */;
			buildPhases = (
				C9740405268C1CA60056B62B /* Sources */,
				C9740406268C1CA60056B62B /* Frameworks */,
				C9740407268C1CA60056B62B /* Resources */,
				C974045A268C1CA60056B62B /* Embed App Extensions */,
			);
			buildRules = (
			);
			dependencies = (
				C974042A268C1CA60056B62B /* PBXTargetDependency */,
			);
			name = "Deadname Remover (iOS)";
			productName = "Deadname Remover (iOS)";
			productReference = C9740409268C1CA60056B62B /* Deadname Remover.app */;
			productType = "com.apple.product-type.application";
		};
		C974041A268C1CA60056B62B /* Deadname Remover (macOS) */ = {
			isa = PBXNativeTarget;
			buildConfigurationList = C9740462268C1CA60056B62B /* Build configuration list for PBXNativeTarget "Deadname Remover (macOS)" */;
			buildPhases = (
				C9740417268C1CA60056B62B /* Sources */,
				C9740418268C1CA60056B62B /* Frameworks */,
				C9740419268C1CA60056B62B /* Resources */,
				C9740461268C1CA60056B62B /* Embed App Extensions */,
			);
			buildRules = (
			);
			dependencies = (
				C9740434268C1CA60056B62B /* PBXTargetDependency */,
			);
			name = "Deadname Remover (macOS)";
			productName = "Deadname Remover (macOS)";
			productReference = C974041B268C1CA60056B62B /* Deadname Remover.app */;
			productType = "com.apple.product-type.application";
		};
		C9740426268C1CA60056B62B /* Deadname Remover Extension (iOS) */ = {
			isa = PBXNativeTarget;
			buildConfigurationList = C9740457268C1CA60056B62B /* Build configuration list for PBXNativeTarget "Deadname Remover Extension (iOS)" */;
			buildPhases = (
				C9740423268C1CA60056B62B /* Sources */,
				C9740424268C1CA60056B62B /* Frameworks */,
				C9740425268C1CA60056B62B /* Resources */,
			);
			buildRules = (
			);
			dependencies = (
			);
			name = "Deadname Remover Extension (iOS)";
			productName = "Deadname Remover Extension (iOS)";
			productReference = C9740427268C1CA60056B62B /* Deadname Remover Extension.appex */;
			productType = "com.apple.product-type.app-extension";
		};
		C9740430268C1CA60056B62B /* Deadname Remover Extension (macOS) */ = {
			isa = PBXNativeTarget;
			buildConfigurationList = C974045E268C1CA60056B62B /* Build configuration list for PBXNativeTarget "Deadname Remover Extension (macOS)" */;
			buildPhases = (
				C974042D268C1CA60056B62B /* Sources */,
				C974042E268C1CA60056B62B /* Frameworks */,
				C974042F268C1CA60056B62B /* Resources */,
			);
			buildRules = (
			);
			dependencies = (
			);
			name = "Deadname Remover Extension (macOS)";
			productName = "Deadname Remover Extension (macOS)";
			productReference = C9740431268C1CA60056B62B /* Deadname Remover Extension.appex */;
			productType = "com.apple.product-type.app-extension";
		};
/* End PBXNativeTarget section */

/* Begin PBXProject section */
		C97403ED268C1CA50056B62B /* Project object */ = {
			isa = PBXProject;
			attributes = {
				BuildIndependentTargetsInParallel = 1;
				LastSwiftUpdateCheck = 1300;
				LastUpgradeCheck = 1300;
				TargetAttributes = {
					C9740408268C1CA60056B62B = {
						CreatedOnToolsVersion = 13.0;
					};
					C974041A268C1CA60056B62B = {
						CreatedOnToolsVersion = 13.0;
					};
					C9740426268C1CA60056B62B = {
						CreatedOnToolsVersion = 13.0;
					};
					C9740430268C1CA60056B62B = {
						CreatedOnToolsVersion = 13.0;
					};
				};
			};
			buildConfigurationList = C97403F0268C1CA50056B62B /* Build configuration list for PBXProject "Deadname Remover" */;
			compatibilityVersion = "Xcode 13.0";
			developmentRegion = en;
			hasScannedForEncodings = 0;
			knownRegions = (
				en,
				Base,
			);
			mainGroup = C97403EC268C1CA50056B62B;
			productRefGroup = C974040A268C1CA60056B62B /* Products */;
			projectDirPath = "";
			projectRoot = "";
			targets = (
				C9740408268C1CA60056B62B /* Deadname Remover (iOS) */,
				C974041A268C1CA60056B62B /* Deadname Remover (macOS) */,
				C9740426268C1CA60056B62B /* Deadname Remover Extension (iOS) */,
				C9740430268C1CA60056B62B /* Deadname Remover Extension (macOS) */,
			);
		};
/* End PBXProject section */

/* Begin PBXResourcesBuildPhase section */
		C9740407268C1CA60056B62B /* Resources */ = {
			isa = PBXResourcesBuildPhase;
			buildActionMask = 2147483647;
			files = (
				C9740439268C1CA60056B62B /* Icon.png in Resources */,
				C9740412268C1CA60056B62B /* LaunchScreen.storyboard in Resources */,
				C9740437268C1CA60056B62B /* Main.html in Resources */,
				C974043D268C1CA60056B62B /* Script.js in Resources */,
				C9740441268C1CA60056B62B /* Assets.xcassets in Resources */,
				C9740415268C1CA60056B62B /* Main.storyboard in Resources */,
				C974043B268C1CA60056B62B /* Style.css in Resources */,
			);
			runOnlyForDeploymentPostprocessing = 0;
		};
		C9740419268C1CA60056B62B /* Resources */ = {
			isa = PBXResourcesBuildPhase;
			buildActionMask = 2147483647;
			files = (
				C974043A268C1CA60056B62B /* Icon.png in Resources */,
				C974043C268C1CA60056B62B /* Style.css in Resources */,
				C9740421268C1CA60056B62B /* Main.storyboard in Resources */,
				C974043E268C1CA60056B62B /* Script.js in Resources */,
				C9740442268C1CA60056B62B /* Assets.xcassets in Resources */,
				C9740438268C1CA60056B62B /* Main.html in Resources */,
			);
			runOnlyForDeploymentPostprocessing = 0;
		};
		C9740425268C1CA60056B62B /* Resources */ = {
			isa = PBXResourcesBuildPhase;
			buildActionMask = 2147483647;
			files = (
				C974044B268C1CA60056B62B /* background.js in Resources */,
				C9740451268C1CA60056B62B /* popup.css in Resources */,
				C974044F268C1CA60056B62B /* popup.html in Resources */,
				C9740447268C1CA60056B62B /* images in Resources */,
				C9740449268C1CA60056B62B /* manifest.json in Resources */,
				C9740445268C1CA60056B62B /* _locales in Resources */,
				C974044D268C1CA60056B62B /* content.js in Resources */,
				C9740453268C1CA60056B62B /* popup.js in Resources */,
			);
			runOnlyForDeploymentPostprocessing = 0;
		};
		C974042F268C1CA60056B62B /* Resources */ = {
			isa = PBXResourcesBuildPhase;
			buildActionMask = 2147483647;
			files = (
				C974044C268C1CA60056B62B /* background.js in Resources */,
				C9740452268C1CA60056B62B /* popup.css in Resources */,
				C9740450268C1CA60056B62B /* popup.html in Resources */,
				C9740448268C1CA60056B62B /* images in Resources */,
				C974044A268C1CA60056B62B /* manifest.json in Resources */,
				C9740446268C1CA60056B62B /* _locales in Resources */,
				C974044E268C1CA60056B62B /* content.js in Resources */,
				C9740454268C1CA60056B62B /* popup.js in Resources */,
			);
			runOnlyForDeploymentPostprocessing = 0;
		};
/* End PBXResourcesBuildPhase section */

/* Begin PBXSourcesBuildPhase section */
		C9740405268C1CA60056B62B /* Sources */ = {
			isa = PBXSourcesBuildPhase;
			buildActionMask = 2147483647;
			files = (
				C974043F268C1CA60056B62B /* ViewController.swift in Sources */,
				C974046D268C1D7A0056B62B /* Configuration.swift in Sources */,
				C974040D268C1CA60056B62B /* AppDelegate.swift in Sources */,
				C9740471268C1D7A0056B62B /* NamesDatabase.swift in Sources */,
				C9740475268C1D7A0056B62B /* Name.swift in Sources */,
				C974040F268C1CA60056B62B /* SceneDelegate.swift in Sources */,
			);
			runOnlyForDeploymentPostprocessing = 0;
		};
		C9740417268C1CA60056B62B /* Sources */ = {
			isa = PBXSourcesBuildPhase;
			buildActionMask = 2147483647;
			files = (
				C9740476268C1D7A0056B62B /* Name.swift in Sources */,
				C9740440268C1CA60056B62B /* ViewController.swift in Sources */,
				C974047C268C271C0056B62B /* ToolbarDelegate.swift in Sources */,
				C974046E268C1D7A0056B62B /* Configuration.swift in Sources */,
				C974041E268C1CA60056B62B /* AppDelegate.swift in Sources */,
				C9740472268C1D7A0056B62B /* NamesDatabase.swift in Sources */,
			);
			runOnlyForDeploymentPostprocessing = 0;
		};
		C9740423268C1CA60056B62B /* Sources */ = {
			isa = PBXSourcesBuildPhase;
			buildActionMask = 2147483647;
			files = (
				C9740443268C1CA60056B62B /* SafariWebExtensionHandler.swift in Sources */,
				C9740473268C1D7A0056B62B /* NamesDatabase.swift in Sources */,
				C9740477268C1D7A0056B62B /* Name.swift in Sources */,
			);
			runOnlyForDeploymentPostprocessing = 0;
		};
		C974042D268C1CA60056B62B /* Sources */ = {
			isa = PBXSourcesBuildPhase;
			buildActionMask = 2147483647;
			files = (
				C9740444268C1CA60056B62B /* SafariWebExtensionHandler.swift in Sources */,
				C9740474268C1D7A0056B62B /* NamesDatabase.swift in Sources */,
				C9740478268C1D7A0056B62B /* Name.swift in Sources */,
			);
			runOnlyForDeploymentPostprocessing = 0;
		};
/* End PBXSourcesBuildPhase section */

/* Begin PBXTargetDependency section */
		C974042A268C1CA60056B62B /* PBXTargetDependency */ = {
			isa = PBXTargetDependency;
			target = C9740426268C1CA60056B62B /* Deadname Remover Extension (iOS) */;
			targetProxy = C9740429268C1CA60056B62B /* PBXContainerItemProxy */;
		};
		C9740434268C1CA60056B62B /* PBXTargetDependency */ = {
			isa = PBXTargetDependency;
			target = C9740430268C1CA60056B62B /* Deadname Remover Extension (macOS) */;
			targetProxy = C9740433268C1CA60056B62B /* PBXContainerItemProxy */;
		};
/* End PBXTargetDependency section */

/* Begin PBXVariantGroup section */
		C97403F3268C1CA50056B62B /* Main.html */ = {
			isa = PBXVariantGroup;
			children = (
				C97403F4268C1CA50056B62B /* Base */,
			);
			name = Main.html;
			sourceTree = "<group>";
		};
		C9740410268C1CA60056B62B /* LaunchScreen.storyboard */ = {
			isa = PBXVariantGroup;
			children = (
				C9740411268C1CA60056B62B /* Base */,
			);
			name = LaunchScreen.storyboard;
			sourceTree = "<group>";
		};
		C9740413268C1CA60056B62B /* Main.storyboard */ = {
			isa = PBXVariantGroup;
			children = (
				C9740414268C1CA60056B62B /* Base */,
			);
			name = Main.storyboard;
			sourceTree = "<group>";
		};
		C974041F268C1CA60056B62B /* Main.storyboard */ = {
			isa = PBXVariantGroup;
			children = (
				C9740420268C1CA60056B62B /* Base */,
			);
			name = Main.storyboard;
			sourceTree = "<group>";
		};
/* End PBXVariantGroup section */

/* Begin XCBuildConfiguration section */
		C9740455268C1CA60056B62B /* Debug */ = {
			isa = XCBuildConfiguration;
			buildSettings = {
				ALWAYS_SEARCH_USER_PATHS = NO;
				CLANG_ANALYZER_NONNULL = YES;
				CLANG_ANALYZER_NUMBER_OBJECT_CONVERSION = YES_AGGRESSIVE;
				CLANG_CXX_LANGUAGE_STANDARD = "gnu++14";
				CLANG_CXX_LIBRARY = "libc++";
				CLANG_ENABLE_MODULES = YES;
				CLANG_ENABLE_OBJC_ARC = YES;
				CLANG_ENABLE_OBJC_WEAK = YES;
				CLANG_WARN_BLOCK_CAPTURE_AUTORELEASING = YES;
				CLANG_WARN_BOOL_CONVERSION = YES;
				CLANG_WARN_COMMA = YES;
				CLANG_WARN_CONSTANT_CONVERSION = YES;
				CLANG_WARN_DEPRECATED_OBJC_IMPLEMENTATIONS = YES;
				CLANG_WARN_DIRECT_OBJC_ISA_USAGE = YES_ERROR;
				CLANG_WARN_DOCUMENTATION_COMMENTS = YES;
				CLANG_WARN_EMPTY_BODY = YES;
				CLANG_WARN_ENUM_CONVERSION = YES;
				CLANG_WARN_INFINITE_RECURSION = YES;
				CLANG_WARN_INT_CONVERSION = YES;
				CLANG_WARN_NON_LITERAL_NULL_CONVERSION = YES;
				CLANG_WARN_OBJC_IMPLICIT_RETAIN_SELF = YES;
				CLANG_WARN_OBJC_LITERAL_CONVERSION = YES;
				CLANG_WARN_OBJC_ROOT_CLASS = YES_ERROR;
				CLANG_WARN_QUOTED_INCLUDE_IN_FRAMEWORK_HEADER = YES;
				CLANG_WARN_RANGE_LOOP_ANALYSIS = YES;
				CLANG_WARN_STRICT_PROTOTYPES = YES;
				CLANG_WARN_SUSPICIOUS_MOVE = YES;
				CLANG_WARN_UNGUARDED_AVAILABILITY = YES_AGGRESSIVE;
				CLANG_WARN_UNREACHABLE_CODE = YES;
				CLANG_WARN__DUPLICATE_METHOD_MATCH = YES;
				COPY_PHASE_STRIP = NO;
				DEBUG_INFORMATION_FORMAT = dwarf;
				ENABLE_STRICT_OBJC_MSGSEND = YES;
				ENABLE_TESTABILITY = YES;
				GCC_C_LANGUAGE_STANDARD = gnu11;
				GCC_DYNAMIC_NO_PIC = NO;
				GCC_NO_COMMON_BLOCKS = YES;
				GCC_OPTIMIZATION_LEVEL = 0;
				GCC_PREPROCESSOR_DEFINITIONS = (
					"DEBUG=1",
					"$(inherited)",
				);
				GCC_WARN_64_TO_32_BIT_CONVERSION = YES;
				GCC_WARN_ABOUT_RETURN_TYPE = YES_ERROR;
				GCC_WARN_UNDECLARED_SELECTOR = YES;
				GCC_WARN_UNINITIALIZED_AUTOS = YES_AGGRESSIVE;
				GCC_WARN_UNUSED_FUNCTION = YES;
				GCC_WARN_UNUSED_VARIABLE = YES;
				MTL_ENABLE_DEBUG_INFO = INCLUDE_SOURCE;
				MTL_FAST_MATH = YES;
				ONLY_ACTIVE_ARCH = YES;
				SWIFT_ACTIVE_COMPILATION_CONDITIONS = DEBUG;
				SWIFT_OPTIMIZATION_LEVEL = "-Onone";
			};
			name = Debug;
		};
		C9740456268C1CA60056B62B /* Release */ = {
			isa = XCBuildConfiguration;
			buildSettings = {
				ALWAYS_SEARCH_USER_PATHS = NO;
				CLANG_ANALYZER_NONNULL = YES;
				CLANG_ANALYZER_NUMBER_OBJECT_CONVERSION = YES_AGGRESSIVE;
				CLANG_CXX_LANGUAGE_STANDARD = "gnu++14";
				CLANG_CXX_LIBRARY = "libc++";
				CLANG_ENABLE_MODULES = YES;
				CLANG_ENABLE_OBJC_ARC = YES;
				CLANG_ENABLE_OBJC_WEAK = YES;
				CLANG_WARN_BLOCK_CAPTURE_AUTORELEASING = YES;
				CLANG_WARN_BOOL_CONVERSION = YES;
				CLANG_WARN_COMMA = YES;
				CLANG_WARN_CONSTANT_CONVERSION = YES;
				CLANG_WARN_DEPRECATED_OBJC_IMPLEMENTATIONS = YES;
				CLANG_WARN_DIRECT_OBJC_ISA_USAGE = YES_ERROR;
				CLANG_WARN_DOCUMENTATION_COMMENTS = YES;
				CLANG_WARN_EMPTY_BODY = YES;
				CLANG_WARN_ENUM_CONVERSION = YES;
				CLANG_WARN_INFINITE_RECURSION = YES;
				CLANG_WARN_INT_CONVERSION = YES;
				CLANG_WARN_NON_LITERAL_NULL_CONVERSION = YES;
				CLANG_WARN_OBJC_IMPLICIT_RETAIN_SELF = YES;
				CLANG_WARN_OBJC_LITERAL_CONVERSION = YES;
				CLANG_WARN_OBJC_ROOT_CLASS = YES_ERROR;
				CLANG_WARN_QUOTED_INCLUDE_IN_FRAMEWORK_HEADER = YES;
				CLANG_WARN_RANGE_LOOP_ANALYSIS = YES;
				CLANG_WARN_STRICT_PROTOTYPES = YES;
				CLANG_WARN_SUSPICIOUS_MOVE = YES;
				CLANG_WARN_UNGUARDED_AVAILABILITY = YES_AGGRESSIVE;
				CLANG_WARN_UNREACHABLE_CODE = YES;
				CLANG_WARN__DUPLICATE_METHOD_MATCH = YES;
				COPY_PHASE_STRIP = NO;
				DEBUG_INFORMATION_FORMAT = "dwarf-with-dsym";
				ENABLE_NS_ASSERTIONS = NO;
				ENABLE_STRICT_OBJC_MSGSEND = YES;
				GCC_C_LANGUAGE_STANDARD = gnu11;
				GCC_NO_COMMON_BLOCKS = YES;
				GCC_WARN_64_TO_32_BIT_CONVERSION = YES;
				GCC_WARN_ABOUT_RETURN_TYPE = YES_ERROR;
				GCC_WARN_UNDECLARED_SELECTOR = YES;
				GCC_WARN_UNINITIALIZED_AUTOS = YES_AGGRESSIVE;
				GCC_WARN_UNUSED_FUNCTION = YES;
				GCC_WARN_UNUSED_VARIABLE = YES;
				MTL_ENABLE_DEBUG_INFO = NO;
				MTL_FAST_MATH = YES;
				SWIFT_COMPILATION_MODE = wholemodule;
				SWIFT_OPTIMIZATION_LEVEL = "-O";
			};
			name = Release;
		};
		C9740458268C1CA60056B62B /* Debug */ = {
			isa = XCBuildConfiguration;
			buildSettings = {
				CODE_SIGN_ENTITLEMENTS = "Deadname Remover Extension.entitlements";
				CODE_SIGN_STYLE = Automatic;
				CURRENT_PROJECT_VERSION = 1;
				DEVELOPMENT_TEAM = Y96PL6G497;
				GENERATE_INFOPLIST_FILE = YES;
				INFOPLIST_FILE = "iOS (Extension)/Info.plist";
				INFOPLIST_KEY_CFBundleDisplayName = "Deadname Remover Extension";
				INFOPLIST_KEY_NSHumanReadableCopyright = "";
				IPHONEOS_DEPLOYMENT_TARGET = 15.0;
				LD_RUNPATH_SEARCH_PATHS = (
					"$(inherited)",
					"@executable_path/Frameworks",
					"@executable_path/../../Frameworks",
				);
				MARKETING_VERSION = 1.0;
				PRODUCT_BUNDLE_IDENTIFIER = "ch.ada.Deadname-Remover.Extension";
				PRODUCT_NAME = "Deadname Remover Extension";
				SDKROOT = iphoneos;
				SKIP_INSTALL = YES;
				SWIFT_EMIT_LOC_STRINGS = YES;
				SWIFT_VERSION = 5.0;
				TARGETED_DEVICE_FAMILY = "1,2";
			};
			name = Debug;
		};
		C9740459268C1CA60056B62B /* Release */ = {
			isa = XCBuildConfiguration;
			buildSettings = {
				CODE_SIGN_ENTITLEMENTS = "Deadname Remover Extension.entitlements";
				CODE_SIGN_STYLE = Automatic;
				CURRENT_PROJECT_VERSION = 1;
				DEVELOPMENT_TEAM = Y96PL6G497;
				GENERATE_INFOPLIST_FILE = YES;
				INFOPLIST_FILE = "iOS (Extension)/Info.plist";
				INFOPLIST_KEY_CFBundleDisplayName = "Deadname Remover Extension";
				INFOPLIST_KEY_NSHumanReadableCopyright = "";
				IPHONEOS_DEPLOYMENT_TARGET = 15.0;
				LD_RUNPATH_SEARCH_PATHS = (
					"$(inherited)",
					"@executable_path/Frameworks",
					"@executable_path/../../Frameworks",
				);
				MARKETING_VERSION = 1.0;
				PRODUCT_BUNDLE_IDENTIFIER = "ch.ada.Deadname-Remover.Extension";
				PRODUCT_NAME = "Deadname Remover Extension";
				SDKROOT = iphoneos;
				SKIP_INSTALL = YES;
				SWIFT_EMIT_LOC_STRINGS = YES;
				SWIFT_VERSION = 5.0;
				TARGETED_DEVICE_FAMILY = "1,2";
				VALIDATE_PRODUCT = YES;
			};
			name = Release;
		};
		C974045C268C1CA60056B62B /* Debug */ = {
			isa = XCBuildConfiguration;
			buildSettings = {
				ALWAYS_EMBED_SWIFT_STANDARD_LIBRARIES = YES;
				ASSETCATALOG_COMPILER_APPICON_NAME = AppIcon;
				ASSETCATALOG_COMPILER_GLOBAL_ACCENT_COLOR_NAME = AccentColor;
				CODE_SIGN_ENTITLEMENTS = "Deadname Remover.entitlements";
				CODE_SIGN_STYLE = Automatic;
				CURRENT_PROJECT_VERSION = 1;
				DEVELOPMENT_TEAM = Y96PL6G497;
				GENERATE_INFOPLIST_FILE = YES;
				INFOPLIST_FILE = "iOS (App)/Info.plist";
				INFOPLIST_KEY_CFBundleDisplayName = "Deadname Remover";
				INFOPLIST_KEY_UIApplicationSupportsIndirectInputEvents = YES;
				INFOPLIST_KEY_UILaunchStoryboardName = LaunchScreen;
				INFOPLIST_KEY_UIMainStoryboardFile = Main;
				INFOPLIST_KEY_UISupportedInterfaceOrientations = "UIInterfaceOrientationPortrait UIInterfaceOrientationLandscapeLeft UIInterfaceOrientationLandscapeRight";
				INFOPLIST_KEY_UISupportedInterfaceOrientations_iPad = "UIInterfaceOrientationPortrait UIInterfaceOrientationPortraitUpsideDown UIInterfaceOrientationLandscapeLeft UIInterfaceOrientationLandscapeRight";
				IPHONEOS_DEPLOYMENT_TARGET = 15.0;
				LD_RUNPATH_SEARCH_PATHS = (
					"$(inherited)",
					"@executable_path/Frameworks",
				);
				MARKETING_VERSION = 1.0;
				OTHER_LDFLAGS = (
					"-framework",
					WebKit,
				);
				PRODUCT_BUNDLE_IDENTIFIER = "ch.ada.Deadname-Remover";
				PRODUCT_NAME = "Deadname Remover";
				SDKROOT = iphoneos;
				SWIFT_EMIT_LOC_STRINGS = YES;
				SWIFT_VERSION = 5.0;
				TARGETED_DEVICE_FAMILY = "1,2";
			};
			name = Debug;
		};
		C974045D268C1CA60056B62B /* Release */ = {
			isa = XCBuildConfiguration;
			buildSettings = {
				ALWAYS_EMBED_SWIFT_STANDARD_LIBRARIES = YES;
				ASSETCATALOG_COMPILER_APPICON_NAME = AppIcon;
				ASSETCATALOG_COMPILER_GLOBAL_ACCENT_COLOR_NAME = AccentColor;
				CODE_SIGN_ENTITLEMENTS = "Deadname Remover.entitlements";
				CODE_SIGN_STYLE = Automatic;
				CURRENT_PROJECT_VERSION = 1;
				DEVELOPMENT_TEAM = Y96PL6G497;
				GENERATE_INFOPLIST_FILE = YES;
				INFOPLIST_FILE = "iOS (App)/Info.plist";
				INFOPLIST_KEY_CFBundleDisplayName = "Deadname Remover";
				INFOPLIST_KEY_UIApplicationSupportsIndirectInputEvents = YES;
				INFOPLIST_KEY_UILaunchStoryboardName = LaunchScreen;
				INFOPLIST_KEY_UIMainStoryboardFile = Main;
				INFOPLIST_KEY_UISupportedInterfaceOrientations = "UIInterfaceOrientationPortrait UIInterfaceOrientationLandscapeLeft UIInterfaceOrientationLandscapeRight";
				INFOPLIST_KEY_UISupportedInterfaceOrientations_iPad = "UIInterfaceOrientationPortrait UIInterfaceOrientationPortraitUpsideDown UIInterfaceOrientationLandscapeLeft UIInterfaceOrientationLandscapeRight";
				IPHONEOS_DEPLOYMENT_TARGET = 15.0;
				LD_RUNPATH_SEARCH_PATHS = (
					"$(inherited)",
					"@executable_path/Frameworks",
				);
				MARKETING_VERSION = 1.0;
				OTHER_LDFLAGS = (
					"-framework",
					WebKit,
				);
				PRODUCT_BUNDLE_IDENTIFIER = "ch.ada.Deadname-Remover";
				PRODUCT_NAME = "Deadname Remover";
				SDKROOT = iphoneos;
				SWIFT_EMIT_LOC_STRINGS = YES;
				SWIFT_VERSION = 5.0;
				TARGETED_DEVICE_FAMILY = "1,2";
				VALIDATE_PRODUCT = YES;
			};
			name = Release;
		};
		C974045F268C1CA60056B62B /* Debug */ = {
			isa = XCBuildConfiguration;
			buildSettings = {
				CODE_SIGN_ENTITLEMENTS = "Deadname Remover Extension.entitlements";
				CODE_SIGN_STYLE = Automatic;
				CURRENT_PROJECT_VERSION = 1;
				DEVELOPMENT_TEAM = Y96PL6G497;
				ENABLE_APP_SANDBOX = YES;
				ENABLE_HARDENED_RUNTIME = YES;
				ENABLE_USER_SELECTED_FILES = readonly;
				GENERATE_INFOPLIST_FILE = YES;
				INFOPLIST_FILE = "macOS (Extension)/Info.plist";
				INFOPLIST_KEY_CFBundleDisplayName = "Deadname Remover Extension";
				INFOPLIST_KEY_NSHumanReadableCopyright = "";
				LD_RUNPATH_SEARCH_PATHS = (
					"$(inherited)",
					"@executable_path/../Frameworks",
					"@executable_path/../../../../Frameworks",
				);
				MACOSX_DEPLOYMENT_TARGET = 11.0;
				MARKETING_VERSION = 1.0;
				PRODUCT_BUNDLE_IDENTIFIER = "ch.ada.Deadname-Remover.Extension";
				PRODUCT_NAME = "Deadname Remover Extension";
				SDKROOT = macosx;
				SKIP_INSTALL = YES;
				SWIFT_EMIT_LOC_STRINGS = YES;
				SWIFT_VERSION = 5.0;
			};
			name = Debug;
		};
		C9740460268C1CA60056B62B /* Release */ = {
			isa = XCBuildConfiguration;
			buildSettings = {
				CODE_SIGN_ENTITLEMENTS = "Deadname Remover Extension.entitlements";
				CODE_SIGN_STYLE = Automatic;
				CURRENT_PROJECT_VERSION = 1;
				DEVELOPMENT_TEAM = Y96PL6G497;
				ENABLE_APP_SANDBOX = YES;
				ENABLE_HARDENED_RUNTIME = YES;
				ENABLE_USER_SELECTED_FILES = readonly;
				GENERATE_INFOPLIST_FILE = YES;
				INFOPLIST_FILE = "macOS (Extension)/Info.plist";
				INFOPLIST_KEY_CFBundleDisplayName = "Deadname Remover Extension";
				INFOPLIST_KEY_NSHumanReadableCopyright = "";
				LD_RUNPATH_SEARCH_PATHS = (
					"$(inherited)",
					"@executable_path/../Frameworks",
					"@executable_path/../../../../Frameworks",
				);
				MACOSX_DEPLOYMENT_TARGET = 11.0;
				MARKETING_VERSION = 1.0;
				PRODUCT_BUNDLE_IDENTIFIER = "ch.ada.Deadname-Remover.Extension";
				PRODUCT_NAME = "Deadname Remover Extension";
				SDKROOT = macosx;
				SKIP_INSTALL = YES;
				SWIFT_EMIT_LOC_STRINGS = YES;
				SWIFT_VERSION = 5.0;
			};
			name = Release;
		};
		C9740463268C1CA60056B62B /* Debug */ = {
			isa = XCBuildConfiguration;
			buildSettings = {
				ALWAYS_EMBED_SWIFT_STANDARD_LIBRARIES = YES;
				ASSETCATALOG_COMPILER_APPICON_NAME = AppIcon;
				ASSETCATALOG_COMPILER_GLOBAL_ACCENT_COLOR_NAME = AccentColor;
				CODE_SIGN_ENTITLEMENTS = "macOS (App)/Deadname Remover.entitlements";
				CODE_SIGN_STYLE = Automatic;
				CURRENT_PROJECT_VERSION = 1;
				DEVELOPMENT_TEAM = Y96PL6G497;
				ENABLE_APP_SANDBOX = YES;
				ENABLE_HARDENED_RUNTIME = YES;
				ENABLE_USER_SELECTED_FILES = readonly;
				GENERATE_INFOPLIST_FILE = YES;
				INFOPLIST_KEY_CFBundleDisplayName = "Deadname Remover";
				INFOPLIST_KEY_NSMainStoryboardFile = Main;
				INFOPLIST_KEY_NSPrincipalClass = NSApplication;
				LD_RUNPATH_SEARCH_PATHS = (
					"$(inherited)",
					"@executable_path/../Frameworks",
				);
				MACOSX_DEPLOYMENT_TARGET = 11.0;
				MARKETING_VERSION = 1.0;
				OTHER_LDFLAGS = (
					"-framework",
					WebKit,
				);
				PRODUCT_BUNDLE_IDENTIFIER = "ch.ada.Deadname-Remover";
				PRODUCT_NAME = "Deadname Remover";
				SDKROOT = macosx;
				SWIFT_EMIT_LOC_STRINGS = YES;
				SWIFT_VERSION = 5.0;
			};
			name = Debug;
		};
		C9740464268C1CA60056B62B /* Release */ = {
			isa = XCBuildConfiguration;
			buildSettings = {
				ALWAYS_EMBED_SWIFT_STANDARD_LIBRARIES = YES;
				ASSETCATALOG_COMPILER_APPICON_NAME = AppIcon;
				ASSETCATALOG_COMPILER_GLOBAL_ACCENT_COLOR_NAME = AccentColor;
				CODE_SIGN_ENTITLEMENTS = "macOS (App)/Deadname Remover.entitlements";
				CODE_SIGN_STYLE = Automatic;
				CURRENT_PROJECT_VERSION = 1;
				DEVELOPMENT_TEAM = Y96PL6G497;
				ENABLE_APP_SANDBOX = YES;
				ENABLE_HARDENED_RUNTIME = YES;
				ENABLE_USER_SELECTED_FILES = readonly;
				GENERATE_INFOPLIST_FILE = YES;
				INFOPLIST_KEY_CFBundleDisplayName = "Deadname Remover";
				INFOPLIST_KEY_NSMainStoryboardFile = Main;
				INFOPLIST_KEY_NSPrincipalClass = NSApplication;
				LD_RUNPATH_SEARCH_PATHS = (
					"$(inherited)",
					"@executable_path/../Frameworks",
				);
				MACOSX_DEPLOYMENT_TARGET = 11.0;
				MARKETING_VERSION = 1.0;
				OTHER_LDFLAGS = (
					"-framework",
					WebKit,
				);
				PRODUCT_BUNDLE_IDENTIFIER = "ch.ada.Deadname-Remover";
				PRODUCT_NAME = "Deadname Remover";
				SDKROOT = macosx;
				SWIFT_EMIT_LOC_STRINGS = YES;
				SWIFT_VERSION = 5.0;
			};
			name = Release;
		};
/* End XCBuildConfiguration section */

/* Begin XCConfigurationList section */
		C97403F0268C1CA50056B62B /* Build configuration list for PBXProject "Deadname Remover" */ = {
			isa = XCConfigurationList;
			buildConfigurations = (
				C9740455268C1CA60056B62B /* Debug */,
				C9740456268C1CA60056B62B /* Release */,
			);
			defaultConfigurationIsVisible = 0;
			defaultConfigurationName = Release;
		};
		C9740457268C1CA60056B62B /* Build configuration list for PBXNativeTarget "Deadname Remover Extension (iOS)" */ = {
			isa = XCConfigurationList;
			buildConfigurations = (
				C9740458268C1CA60056B62B /* Debug */,
				C9740459268C1CA60056B62B /* Release */,
			);
			defaultConfigurationIsVisible = 0;
			defaultConfigurationName = Release;
		};
		C974045B268C1CA60056B62B /* Build configuration list for PBXNativeTarget "Deadname Remover (iOS)" */ = {
			isa = XCConfigurationList;
			buildConfigurations = (
				C974045C268C1CA60056B62B /* Debug */,
				C974045D268C1CA60056B62B /* Release */,
			);
			defaultConfigurationIsVisible = 0;
			defaultConfigurationName = Release;
		};
		C974045E268C1CA60056B62B /* Build configuration list for PBXNativeTarget "Deadname Remover Extension (macOS)" */ = {
			isa = XCConfigurationList;
			buildConfigurations = (
				C974045F268C1CA60056B62B /* Debug */,
				C9740460268C1CA60056B62B /* Release */,
			);
			defaultConfigurationIsVisible = 0;
			defaultConfigurationName = Release;
		};
		C9740462268C1CA60056B62B /* Build configuration list for PBXNativeTarget "Deadname Remover (macOS)" */ = {
			isa = XCConfigurationList;
			buildConfigurations = (
				C9740463268C1CA60056B62B /* Debug */,
				C9740464268C1CA60056B62B /* Release */,
			);
			defaultConfigurationIsVisible = 0;
			defaultConfigurationName = Release;
		};
/* End XCConfigurationList section */
	};
	rootObject = C97403ED268C1CA50056B62B /* Project object */;
}
